
Microsoft Visual Studio Solution File, Format Version 12.00
# Visual Studio Version 17
VisualStudioVersion = 17.11.35303.130
MinimumVisualStudioVersion = 10.0.40219.1
Project("{FAE04EC0-301F-11D3-BF4B-00C04F79EFBC}") = "Data", "Data\Data.csproj", "{3FA8DC56-5D24-4DF0-BEE8-B6722B330ED0}"
EndProject
Project("{FAE04EC0-301F-11D3-BF4B-00C04F79EFBC}") = "Logic", "Logic\Logic.csproj", "{9CD6D112-98FB-42C0-89E6-E89E245C0271}"
EndProject
Project("{FAE04EC0-301F-11D3-BF4B-00C04F79EFBC}") = "Presentation", "Presentation\Presentation.csproj", "{217D5E8F-A167-4614-A95F-A89B61D59B3F}"
EndProject
Global
	GlobalSection(SolutionConfigurationPlatforms) = preSolution
		Debug|Any CPU = Debug|Any CPU
		Release|Any CPU = Release|Any CPU
	EndGlobalSection
	GlobalSection(ProjectConfigurationPlatforms) = postSolution
		{3FA8DC56-5D24-4DF0-BEE8-B6722B330ED0}.Debug|Any CPU.ActiveCfg = Debug|Any CPU
		{3FA8DC56-5D24-4DF0-BEE8-B6722B330ED0}.Debug|Any CPU.Build.0 = Debug|Any CPU
		{3FA8DC56-5D24-4DF0-BEE8-B6722B330ED0}.Release|Any CPU.ActiveCfg = Release|Any CPU
		{3FA8DC56-5D24-4DF0-BEE8-B6722B330ED0}.Release|Any CPU.Build.0 = Release|Any CPU
		{9CD6D112-98FB-42C0-89E6-E89E245C0271}.Debug|Any CPU.ActiveCfg = Debug|Any CPU
		{9CD6D112-98FB-42C0-89E6-E89E245C0271}.Debug|Any CPU.Build.0 = Debug|Any CPU
		{9CD6D112-98FB-42C0-89E6-E89E245C0271}.Release|Any CPU.ActiveCfg = Release|Any CPU
		{9CD6D112-98FB-42C0-89E6-E89E245C0271}.Release|Any CPU.Build.0 = Release|Any CPU
		{217D5E8F-A167-4614-A95F-A89B61D59B3F}.Debug|Any CPU.ActiveCfg = Debug|Any CPU
		{217D5E8F-A167-4614-A95F-A89B61D59B3F}.Debug|Any CPU.Build.0 = Debug|Any CPU
		{217D5E8F-A167-4614-A95F-A89B61D59B3F}.Release|Any CPU.ActiveCfg = Release|Any CPU
		{217D5E8F-A167-4614-A95F-A89B61D59B3F}.Release|Any CPU.Build.0 = Release|Any CPU
	EndGlobalSection
	GlobalSection(SolutionProperties) = preSolution
		HideSolutionNode = FALSE
	EndGlobalSection
	GlobalSection(ExtensibilityGlobals) = postSolution
		SolutionGuid = {A05F718E-3DE3-45C0-ABA4-0F1F194BCB10}
	EndGlobalSection
EndGlobal
